
Microsoft Visual Studio Solution File, Format Version 12.00
# Visual Studio Version 16
VisualStudioVersion = 16.0.31727.386
MinimumVisualStudioVersion = 10.0.40219.1
Project("{FAE04EC0-301F-11D3-BF4B-00C04F79EFBC}") = "ChaleHospedagem.API", "ChaleHospedagem.API\ChaleHospedagem.API.csproj", "{B647F7A0-E43C-430D-A823-EF24D55D91BD}"
EndProject
Project("{FAE04EC0-301F-11D3-BF4B-00C04F79EFBC}") = "ChaleHospedagem.Infrastructure", "ChaleHospedagem.infrastructure\ChaleHospedagem.Infrastructure.csproj", "{9BEFC5A0-491C-4D3A-9709-5D3D4ED8C3AE}"
EndProject
Project("{FAE04EC0-301F-11D3-BF4B-00C04F79EFBC}") = "ChaleHospedagem.Domain", "ChaleHospedagem.Domain\ChaleHospedagem.Domain.csproj", "{D6EC39B9-F3A6-494C-90E4-734B0731FC08}"
EndProject
Global
	GlobalSection(SolutionConfigurationPlatforms) = preSolution
		Debug|Any CPU = Debug|Any CPU
		Release|Any CPU = Release|Any CPU
	EndGlobalSection
	GlobalSection(ProjectConfigurationPlatforms) = postSolution
		{B647F7A0-E43C-430D-A823-EF24D55D91BD}.Debug|Any CPU.ActiveCfg = Debug|Any CPU
		{B647F7A0-E43C-430D-A823-EF24D55D91BD}.Debug|Any CPU.Build.0 = Debug|Any CPU
		{B647F7A0-E43C-430D-A823-EF24D55D91BD}.Release|Any CPU.ActiveCfg = Release|Any CPU
		{B647F7A0-E43C-430D-A823-EF24D55D91BD}.Release|Any CPU.Build.0 = Release|Any CPU
		{9BEFC5A0-491C-4D3A-9709-5D3D4ED8C3AE}.Debug|Any CPU.ActiveCfg = Debug|Any CPU
		{9BEFC5A0-491C-4D3A-9709-5D3D4ED8C3AE}.Debug|Any CPU.Build.0 = Debug|Any CPU
		{9BEFC5A0-491C-4D3A-9709-5D3D4ED8C3AE}.Release|Any CPU.ActiveCfg = Release|Any CPU
		{9BEFC5A0-491C-4D3A-9709-5D3D4ED8C3AE}.Release|Any CPU.Build.0 = Release|Any CPU
		{D6EC39B9-F3A6-494C-90E4-734B0731FC08}.Debug|Any CPU.ActiveCfg = Debug|Any CPU
		{D6EC39B9-F3A6-494C-90E4-734B0731FC08}.Debug|Any CPU.Build.0 = Debug|Any CPU
		{D6EC39B9-F3A6-494C-90E4-734B0731FC08}.Release|Any CPU.ActiveCfg = Release|Any CPU
		{D6EC39B9-F3A6-494C-90E4-734B0731FC08}.Release|Any CPU.Build.0 = Release|Any CPU
	EndGlobalSection
	GlobalSection(SolutionProperties) = preSolution
		HideSolutionNode = FALSE
	EndGlobalSection
	GlobalSection(ExtensibilityGlobals) = postSolution
		SolutionGuid = {03918235-8EB6-4667-929D-AF769D68E71C}
	EndGlobalSection
EndGlobal
